
Microsoft Visual Studio Solution File, Format Version 12.00
# Visual Studio Version 17
VisualStudioVersion = 17.6.33712.159
MinimumVisualStudioVersion = 10.0.40219.1
Project("{2150E333-8FDC-42A3-9474-1A3956D46DE8}") = "src", "src", "{C378EEA6-ACF6-459B-858C-D76688755BF3}"
EndProject
Project("{2150E333-8FDC-42A3-9474-1A3956D46DE8}") = "Applications", "Applications", "{F7A63C90-C8BA-4517-9C35-E94F810C12B7}"
EndProject
Project("{2150E333-8FDC-42A3-9474-1A3956D46DE8}") = "Domain", "Domain", "{A69C47E4-6A2C-43B4-A944-E997A02CC1DF}"
EndProject
Project("{2150E333-8FDC-42A3-9474-1A3956D46DE8}") = "Infra", "Infra", "{28099DDA-C8D5-4042-BC55-1E23E687D82B}"
EndProject
Project("{2150E333-8FDC-42A3-9474-1A3956D46DE8}") = "Adapter", "Adapter", "{F2E86066-9933-4414-91CF-8CCA06940C91}"
EndProject
Project("{2150E333-8FDC-42A3-9474-1A3956D46DE8}") = "Entrypoint", "Entrypoint", "{20BB69F5-EAD4-4764-83C0-F829C04266DD}"
EndProject
Project("{2150E333-8FDC-42A3-9474-1A3956D46DE8}") = "Helpers", "Helpers", "{D29B94C8-DF9A-4562-8F6E-8CA7815E7509}"
EndProject
Project("{2150E333-8FDC-42A3-9474-1A3956D46DE8}") = "test", "test", "{47A43BCF-296D-4087-9448-618620ADBC60}"
EndProject
Project("{9A19103F-16F7-4668-BE54-9A1E7A4F7556}") = "PruebaTecnicaF2X.BackendService", "src\Applications\PruebaTecnicaF2X.BackendService\PruebaTecnicaF2X.BackendService.csproj", "{61B62A64-E2B9-41C0-B35E-E5963598BF12}"
EndProject
Project("{9A19103F-16F7-4668-BE54-9A1E7A4F7556}") = "PruebaTecnicaF2X.Model", "src\Domain\PruebaTecnicaF2X.Model\PruebaTecnicaF2X.Model.csproj", "{A9EBB333-B79D-4CAE-8595-E0222686C99F}"
EndProject
Project("{9A19103F-16F7-4668-BE54-9A1E7A4F7556}") = "PruebaTecnicaF2X.UseCase", "src\Domain\PruebaTecnicaF2X.UseCase\PruebaTecnicaF2X.UseCase.csproj", "{0FC3320C-A223-4789-AB29-C99D2A80EB73}"
EndProject
Project("{9A19103F-16F7-4668-BE54-9A1E7A4F7556}") = "PruebaTecnicaF2X.Http", "src\Infra\DrivenAdapter\PruebaTecnicaF2X.Http\PruebaTecnicaF2X.Http.csproj", "{CA9F6EA4-215F-47A7-94F7-417F4DB1CFF6}"
EndProject
Project("{9A19103F-16F7-4668-BE54-9A1E7A4F7556}") = "PruebaTecnicaF2X.SqlServer", "src\Infra\DrivenAdapter\PruebaTecnicaF2X.SqlServer\PruebaTecnicaF2X.SqlServer.csproj", "{34DAE0EE-64ED-40A2-B2D6-AA5902B6D63A}"
EndProject
Project("{9A19103F-16F7-4668-BE54-9A1E7A4F7556}") = "PruebaTecnicaF2X.ReactiveWeb", "src\Infra\EntryPoint\PruebaTecnicaF2X.ReactiveWeb\PruebaTecnicaF2X.ReactiveWeb.csproj", "{BE563534-3859-45A1-BB93-BEA7AF0BF19E}"
EndProject
Project("{9A19103F-16F7-4668-BE54-9A1E7A4F7556}") = "PruebaTecnicaF2X.Comons", "src\Infra\Helpers\PruebaTecnicaF2X.Comons\PruebaTecnicaF2X.Comons.csproj", "{696686BE-BA13-45FE-BE46-DE6ADFC21B98}"
EndProject
Project("{9A19103F-16F7-4668-BE54-9A1E7A4F7556}") = "PruebaTecnicaF2X.ObjectsUtils", "src\Infra\Helpers\PruebaTecnicaF2X.ObjectsUtils\PruebaTecnicaF2X.ObjectsUtils.csproj", "{7293CE87-AEBE-4206-9DAD-4D8FBD10B34F}"
EndProject
Project("{2150E333-8FDC-42A3-9474-1A3956D46DE8}") = "Domain", "Domain", "{6F17DD61-0D44-4DAB-AC92-7A44D5E2BA61}"
EndProject
Project("{FAE04EC0-301F-11D3-BF4B-00C04F79EFBC}") = "PruebaTecnicaF2X.UseCase.Test", "test\Infra\Domain\PruebaTecnicaF2X.UseCase.Test\PruebaTecnicaF2X.UseCase.Test.csproj", "{6B1F2B7E-8E3D-4818-BFB6-8105D5D407A9}"
EndProject
Global
	GlobalSection(SolutionConfigurationPlatforms) = preSolution
		Debug|Any CPU = Debug|Any CPU
		Release|Any CPU = Release|Any CPU
	EndGlobalSection
	GlobalSection(ProjectConfigurationPlatforms) = postSolution
		{61B62A64-E2B9-41C0-B35E-E5963598BF12}.Debug|Any CPU.ActiveCfg = Debug|Any CPU
		{61B62A64-E2B9-41C0-B35E-E5963598BF12}.Debug|Any CPU.Build.0 = Debug|Any CPU
		{61B62A64-E2B9-41C0-B35E-E5963598BF12}.Release|Any CPU.ActiveCfg = Release|Any CPU
		{61B62A64-E2B9-41C0-B35E-E5963598BF12}.Release|Any CPU.Build.0 = Release|Any CPU
		{A9EBB333-B79D-4CAE-8595-E0222686C99F}.Debug|Any CPU.ActiveCfg = Debug|Any CPU
		{A9EBB333-B79D-4CAE-8595-E0222686C99F}.Debug|Any CPU.Build.0 = Debug|Any CPU
		{A9EBB333-B79D-4CAE-8595-E0222686C99F}.Release|Any CPU.ActiveCfg = Release|Any CPU
		{A9EBB333-B79D-4CAE-8595-E0222686C99F}.Release|Any CPU.Build.0 = Release|Any CPU
		{0FC3320C-A223-4789-AB29-C99D2A80EB73}.Debug|Any CPU.ActiveCfg = Debug|Any CPU
		{0FC3320C-A223-4789-AB29-C99D2A80EB73}.Debug|Any CPU.Build.0 = Debug|Any CPU
		{0FC3320C-A223-4789-AB29-C99D2A80EB73}.Release|Any CPU.ActiveCfg = Release|Any CPU
		{0FC3320C-A223-4789-AB29-C99D2A80EB73}.Release|Any CPU.Build.0 = Release|Any CPU
		{CA9F6EA4-215F-47A7-94F7-417F4DB1CFF6}.Debug|Any CPU.ActiveCfg = Debug|Any CPU
		{CA9F6EA4-215F-47A7-94F7-417F4DB1CFF6}.Debug|Any CPU.Build.0 = Debug|Any CPU
		{CA9F6EA4-215F-47A7-94F7-417F4DB1CFF6}.Release|Any CPU.ActiveCfg = Release|Any CPU
		{CA9F6EA4-215F-47A7-94F7-417F4DB1CFF6}.Release|Any CPU.Build.0 = Release|Any CPU
		{34DAE0EE-64ED-40A2-B2D6-AA5902B6D63A}.Debug|Any CPU.ActiveCfg = Debug|Any CPU
		{34DAE0EE-64ED-40A2-B2D6-AA5902B6D63A}.Debug|Any CPU.Build.0 = Debug|Any CPU
		{34DAE0EE-64ED-40A2-B2D6-AA5902B6D63A}.Release|Any CPU.ActiveCfg = Release|Any CPU
		{34DAE0EE-64ED-40A2-B2D6-AA5902B6D63A}.Release|Any CPU.Build.0 = Release|Any CPU
		{BE563534-3859-45A1-BB93-BEA7AF0BF19E}.Debug|Any CPU.ActiveCfg = Debug|Any CPU
		{BE563534-3859-45A1-BB93-BEA7AF0BF19E}.Debug|Any CPU.Build.0 = Debug|Any CPU
		{BE563534-3859-45A1-BB93-BEA7AF0BF19E}.Release|Any CPU.ActiveCfg = Release|Any CPU
		{BE563534-3859-45A1-BB93-BEA7AF0BF19E}.Release|Any CPU.Build.0 = Release|Any CPU
		{696686BE-BA13-45FE-BE46-DE6ADFC21B98}.Debug|Any CPU.ActiveCfg = Debug|Any CPU
		{696686BE-BA13-45FE-BE46-DE6ADFC21B98}.Debug|Any CPU.Build.0 = Debug|Any CPU
		{696686BE-BA13-45FE-BE46-DE6ADFC21B98}.Release|Any CPU.ActiveCfg = Release|Any CPU
		{696686BE-BA13-45FE-BE46-DE6ADFC21B98}.Release|Any CPU.Build.0 = Release|Any CPU
		{7293CE87-AEBE-4206-9DAD-4D8FBD10B34F}.Debug|Any CPU.ActiveCfg = Debug|Any CPU
		{7293CE87-AEBE-4206-9DAD-4D8FBD10B34F}.Debug|Any CPU.Build.0 = Debug|Any CPU
		{7293CE87-AEBE-4206-9DAD-4D8FBD10B34F}.Release|Any CPU.ActiveCfg = Release|Any CPU
		{7293CE87-AEBE-4206-9DAD-4D8FBD10B34F}.Release|Any CPU.Build.0 = Release|Any CPU
		{6B1F2B7E-8E3D-4818-BFB6-8105D5D407A9}.Debug|Any CPU.ActiveCfg = Debug|Any CPU
		{6B1F2B7E-8E3D-4818-BFB6-8105D5D407A9}.Debug|Any CPU.Build.0 = Debug|Any CPU
		{6B1F2B7E-8E3D-4818-BFB6-8105D5D407A9}.Release|Any CPU.ActiveCfg = Release|Any CPU
		{6B1F2B7E-8E3D-4818-BFB6-8105D5D407A9}.Release|Any CPU.Build.0 = Release|Any CPU
	EndGlobalSection
	GlobalSection(SolutionProperties) = preSolution
		HideSolutionNode = FALSE
	EndGlobalSection
	GlobalSection(NestedProjects) = preSolution
		{F7A63C90-C8BA-4517-9C35-E94F810C12B7} = {C378EEA6-ACF6-459B-858C-D76688755BF3}
		{A69C47E4-6A2C-43B4-A944-E997A02CC1DF} = {C378EEA6-ACF6-459B-858C-D76688755BF3}
		{28099DDA-C8D5-4042-BC55-1E23E687D82B} = {C378EEA6-ACF6-459B-858C-D76688755BF3}
		{F2E86066-9933-4414-91CF-8CCA06940C91} = {28099DDA-C8D5-4042-BC55-1E23E687D82B}
		{20BB69F5-EAD4-4764-83C0-F829C04266DD} = {28099DDA-C8D5-4042-BC55-1E23E687D82B}
		{D29B94C8-DF9A-4562-8F6E-8CA7815E7509} = {28099DDA-C8D5-4042-BC55-1E23E687D82B}
		{61B62A64-E2B9-41C0-B35E-E5963598BF12} = {F7A63C90-C8BA-4517-9C35-E94F810C12B7}
		{A9EBB333-B79D-4CAE-8595-E0222686C99F} = {A69C47E4-6A2C-43B4-A944-E997A02CC1DF}
		{0FC3320C-A223-4789-AB29-C99D2A80EB73} = {A69C47E4-6A2C-43B4-A944-E997A02CC1DF}
		{CA9F6EA4-215F-47A7-94F7-417F4DB1CFF6} = {F2E86066-9933-4414-91CF-8CCA06940C91}
		{34DAE0EE-64ED-40A2-B2D6-AA5902B6D63A} = {F2E86066-9933-4414-91CF-8CCA06940C91}
		{BE563534-3859-45A1-BB93-BEA7AF0BF19E} = {20BB69F5-EAD4-4764-83C0-F829C04266DD}
		{696686BE-BA13-45FE-BE46-DE6ADFC21B98} = {D29B94C8-DF9A-4562-8F6E-8CA7815E7509}
		{7293CE87-AEBE-4206-9DAD-4D8FBD10B34F} = {D29B94C8-DF9A-4562-8F6E-8CA7815E7509}
		{6F17DD61-0D44-4DAB-AC92-7A44D5E2BA61} = {47A43BCF-296D-4087-9448-618620ADBC60}
		{6B1F2B7E-8E3D-4818-BFB6-8105D5D407A9} = {6F17DD61-0D44-4DAB-AC92-7A44D5E2BA61}
	EndGlobalSection
	GlobalSection(ExtensibilityGlobals) = postSolution
		SolutionGuid = {A4BA69BD-E790-42EF-AB70-4C4BCF1A2498}
	EndGlobalSection
EndGlobal
