
Microsoft Visual Studio Solution File, Format Version 12.00
# Visual Studio Version 17
VisualStudioVersion = 17.6.33712.159
MinimumVisualStudioVersion = 10.0.40219.1
Project("{FAE04EC0-301F-11D3-BF4B-00C04F79EFBC}") = "PruebaTecnicaF2X.BackendService", "PruebaTecnicaF2X.BackendService\PruebaTecnicaF2X.BackendService.csproj", "{327B87A7-AB84-41AB-968B-A40F59233D9A}"
EndProject
Project("{2150E333-8FDC-42A3-9474-1A3956D46DE8}") = "src", "src", "{C378EEA6-ACF6-459B-858C-D76688755BF3}"
EndProject
Project("{2150E333-8FDC-42A3-9474-1A3956D46DE8}") = "Applications", "Applications", "{F7A63C90-C8BA-4517-9C35-E94F810C12B7}"
EndProject
Project("{2150E333-8FDC-42A3-9474-1A3956D46DE8}") = "Domain", "Domain", "{A69C47E4-6A2C-43B4-A944-E997A02CC1DF}"
EndProject
Project("{FAE04EC0-301F-11D3-BF4B-00C04F79EFBC}") = "PruebaTecnicaF2X.Model", "PruebaTecnicaF2X.Model\PruebaTecnicaF2X.Model.csproj", "{B820DD7B-BE5A-4F51-85EC-6BD89F79A7F4}"
EndProject
Project("{FAE04EC0-301F-11D3-BF4B-00C04F79EFBC}") = "PruebaTecnicaF2X.UseCase", "PruebaTecnicaF2X.UseCase\PruebaTecnicaF2X.UseCase.csproj", "{400149F8-9082-4A9F-9DD0-1553A51F2490}"
EndProject
Project("{2150E333-8FDC-42A3-9474-1A3956D46DE8}") = "Infra", "Infra", "{28099DDA-C8D5-4042-BC55-1E23E687D82B}"
EndProject
Project("{2150E333-8FDC-42A3-9474-1A3956D46DE8}") = "Adapter", "Adapter", "{F2E86066-9933-4414-91CF-8CCA06940C91}"
EndProject
Project("{2150E333-8FDC-42A3-9474-1A3956D46DE8}") = "Entrypoint", "Entrypoint", "{20BB69F5-EAD4-4764-83C0-F829C04266DD}"
EndProject
Project("{2150E333-8FDC-42A3-9474-1A3956D46DE8}") = "Helpers", "Helpers", "{D29B94C8-DF9A-4562-8F6E-8CA7815E7509}"
EndProject
Project("{FAE04EC0-301F-11D3-BF4B-00C04F79EFBC}") = "PruebaTecnicaF2X.Comons", "PruebaTecnicaF2X.Comons\PruebaTecnicaF2X.Comons.csproj", "{AF99918C-0539-4E2A-B3F8-D1FF2D0AF857}"
EndProject
Project("{FAE04EC0-301F-11D3-BF4B-00C04F79EFBC}") = "PruebaTecnicaF2X.ObjectsUtils", "PruebaTecnicaF2X.ObjectsUtils\PruebaTecnicaF2X.ObjectsUtils.csproj", "{98F9AE62-DA02-4FE0-A3A2-2C1EF424C2C5}"
EndProject
Project("{FAE04EC0-301F-11D3-BF4B-00C04F79EFBC}") = "PruebaTecnicaF2X.ReactiveWeb", "PruebaTecnicaF2X.ReactiveWeb\PruebaTecnicaF2X.ReactiveWeb.csproj", "{AF57F373-E291-47B2-989A-9F366757AD01}"
EndProject
Global
	GlobalSection(SolutionConfigurationPlatforms) = preSolution
		Debug|Any CPU = Debug|Any CPU
		Release|Any CPU = Release|Any CPU
	EndGlobalSection
	GlobalSection(ProjectConfigurationPlatforms) = postSolution
		{327B87A7-AB84-41AB-968B-A40F59233D9A}.Debug|Any CPU.ActiveCfg = Debug|Any CPU
		{327B87A7-AB84-41AB-968B-A40F59233D9A}.Debug|Any CPU.Build.0 = Debug|Any CPU
		{327B87A7-AB84-41AB-968B-A40F59233D9A}.Release|Any CPU.ActiveCfg = Release|Any CPU
		{327B87A7-AB84-41AB-968B-A40F59233D9A}.Release|Any CPU.Build.0 = Release|Any CPU
		{B820DD7B-BE5A-4F51-85EC-6BD89F79A7F4}.Debug|Any CPU.ActiveCfg = Debug|Any CPU
		{B820DD7B-BE5A-4F51-85EC-6BD89F79A7F4}.Debug|Any CPU.Build.0 = Debug|Any CPU
		{B820DD7B-BE5A-4F51-85EC-6BD89F79A7F4}.Release|Any CPU.ActiveCfg = Release|Any CPU
		{B820DD7B-BE5A-4F51-85EC-6BD89F79A7F4}.Release|Any CPU.Build.0 = Release|Any CPU
		{400149F8-9082-4A9F-9DD0-1553A51F2490}.Debug|Any CPU.ActiveCfg = Debug|Any CPU
		{400149F8-9082-4A9F-9DD0-1553A51F2490}.Debug|Any CPU.Build.0 = Debug|Any CPU
		{400149F8-9082-4A9F-9DD0-1553A51F2490}.Release|Any CPU.ActiveCfg = Release|Any CPU
		{400149F8-9082-4A9F-9DD0-1553A51F2490}.Release|Any CPU.Build.0 = Release|Any CPU
		{AF99918C-0539-4E2A-B3F8-D1FF2D0AF857}.Debug|Any CPU.ActiveCfg = Debug|Any CPU
		{AF99918C-0539-4E2A-B3F8-D1FF2D0AF857}.Debug|Any CPU.Build.0 = Debug|Any CPU
		{AF99918C-0539-4E2A-B3F8-D1FF2D0AF857}.Release|Any CPU.ActiveCfg = Release|Any CPU
		{AF99918C-0539-4E2A-B3F8-D1FF2D0AF857}.Release|Any CPU.Build.0 = Release|Any CPU
		{98F9AE62-DA02-4FE0-A3A2-2C1EF424C2C5}.Debug|Any CPU.ActiveCfg = Debug|Any CPU
		{98F9AE62-DA02-4FE0-A3A2-2C1EF424C2C5}.Debug|Any CPU.Build.0 = Debug|Any CPU
		{98F9AE62-DA02-4FE0-A3A2-2C1EF424C2C5}.Release|Any CPU.ActiveCfg = Release|Any CPU
		{98F9AE62-DA02-4FE0-A3A2-2C1EF424C2C5}.Release|Any CPU.Build.0 = Release|Any CPU
		{AF57F373-E291-47B2-989A-9F366757AD01}.Debug|Any CPU.ActiveCfg = Debug|Any CPU
		{AF57F373-E291-47B2-989A-9F366757AD01}.Debug|Any CPU.Build.0 = Debug|Any CPU
		{AF57F373-E291-47B2-989A-9F366757AD01}.Release|Any CPU.ActiveCfg = Release|Any CPU
		{AF57F373-E291-47B2-989A-9F366757AD01}.Release|Any CPU.Build.0 = Release|Any CPU
	EndGlobalSection
	GlobalSection(SolutionProperties) = preSolution
		HideSolutionNode = FALSE
	EndGlobalSection
	GlobalSection(NestedProjects) = preSolution
		{327B87A7-AB84-41AB-968B-A40F59233D9A} = {F7A63C90-C8BA-4517-9C35-E94F810C12B7}
		{F7A63C90-C8BA-4517-9C35-E94F810C12B7} = {C378EEA6-ACF6-459B-858C-D76688755BF3}
		{A69C47E4-6A2C-43B4-A944-E997A02CC1DF} = {C378EEA6-ACF6-459B-858C-D76688755BF3}
		{B820DD7B-BE5A-4F51-85EC-6BD89F79A7F4} = {A69C47E4-6A2C-43B4-A944-E997A02CC1DF}
		{400149F8-9082-4A9F-9DD0-1553A51F2490} = {A69C47E4-6A2C-43B4-A944-E997A02CC1DF}
		{28099DDA-C8D5-4042-BC55-1E23E687D82B} = {C378EEA6-ACF6-459B-858C-D76688755BF3}
		{F2E86066-9933-4414-91CF-8CCA06940C91} = {28099DDA-C8D5-4042-BC55-1E23E687D82B}
		{20BB69F5-EAD4-4764-83C0-F829C04266DD} = {28099DDA-C8D5-4042-BC55-1E23E687D82B}
		{D29B94C8-DF9A-4562-8F6E-8CA7815E7509} = {28099DDA-C8D5-4042-BC55-1E23E687D82B}
		{AF99918C-0539-4E2A-B3F8-D1FF2D0AF857} = {D29B94C8-DF9A-4562-8F6E-8CA7815E7509}
		{98F9AE62-DA02-4FE0-A3A2-2C1EF424C2C5} = {D29B94C8-DF9A-4562-8F6E-8CA7815E7509}
		{AF57F373-E291-47B2-989A-9F366757AD01} = {20BB69F5-EAD4-4764-83C0-F829C04266DD}
	EndGlobalSection
	GlobalSection(ExtensibilityGlobals) = postSolution
		SolutionGuid = {A4BA69BD-E790-42EF-AB70-4C4BCF1A2498}
	EndGlobalSection
EndGlobal
